
Microsoft Visual Studio Solution File, Format Version 12.00
# Visual Studio Version 17
VisualStudioVersion = 17.4.33103.184
MinimumVisualStudioVersion = 10.0.40219.1
Project("{FAE04EC0-301F-11D3-BF4B-00C04F79EFBC}") = "RepairAPP", "RepairAPP\RepairAPP.csproj", "{2F5B9412-32BA-4146-BF3C-79A6119D13E3}"
EndProject
Global
	GlobalSection(SolutionConfigurationPlatforms) = preSolution
		Debug|Any CPU = Debug|Any CPU
		Release|Any CPU = Release|Any CPU
	EndGlobalSection
	GlobalSection(ProjectConfigurationPlatforms) = postSolution
		{2F5B9412-32BA-4146-BF3C-79A6119D13E3}.Debug|Any CPU.ActiveCfg = Debug|Any CPU
		{2F5B9412-32BA-4146-BF3C-79A6119D13E3}.Debug|Any CPU.Build.0 = Debug|Any CPU
		{2F5B9412-32BA-4146-BF3C-79A6119D13E3}.Release|Any CPU.ActiveCfg = Release|Any CPU
		{2F5B9412-32BA-4146-BF3C-79A6119D13E3}.Release|Any CPU.Build.0 = Release|Any CPU
	EndGlobalSection
	GlobalSection(SolutionProperties) = preSolution
		HideSolutionNode = FALSE
	EndGlobalSection
	GlobalSection(ExtensibilityGlobals) = postSolution
		SolutionGuid = {AAEE9C9C-CE9A-4C2E-8036-313BA23CFAC0}
	EndGlobalSection
EndGlobal
